<?xml version="1.0" encoding="utf-8"?>
<Project ToolsVersion="4.0" xmlns="http://schemas.microsoft.com/developer/msbuild/2003">
  <ItemGroup>
    <Filter Include="Source Files">
      <UniqueIdentifier>{4FC737F1-C7A5-4376-A066-2A32D752A2FF}</UniqueIdentifier>
      <Extensions>cpp;c;cc;cxx;def;odl;idl;hpj;bat;asm;asmx</Extensions>
    </Filter>
    <Filter Include="Headers">
      <UniqueIdentifier>{ff608d37-ca6f-4f8a-8e8e-9bb919fa3853}</UniqueIdentifier>
    </Filter>
  </ItemGroup>
  <ItemGroup>
    <ClCompile Include="main.cpp">
      <Filter>Source Files</Filter>
    </ClCompile>
    <ClCompile Include="display.cpp">
      <Filter>Source Files</Filter>
    </ClCompile>
    <ClCompile Include="shader.cpp">
      <Filter>Source Files</Filter>
    </ClCompile>
    <ClCompile Include="mesh.cpp">
      <Filter>Source Files</Filter>
    </ClCompile>
    <ClCompile Include="stb_image.c">
      <Filter>Source Files</Filter>
    </ClCompile>
    <ClCompile Include="texture.cpp">
      <Filter>Source Files</Filter>
    </ClCompile>
    <ClCompile Include="camera.cpp">
      <Filter>Source Files</Filter>
    </ClCompile>
    <ClCompile Include="obj_loader.cpp">
      <Filter>Source Files</Filter>
    </ClCompile>
    <ClCompile Include="GameObject.cpp">
      <Filter>Source Files</Filter>
    </ClCompile>
    <ClCompile Include="Material.cpp">
      <Filter>Source Files</Filter>
    </ClCompile>
    <ClCompile Include="Scene.cpp">
      <Filter>Source Files</Filter>
    </ClCompile>
    <ClCompile Include="Quaternion.cpp">
      <Filter>Source Files</Filter>
    </ClCompile>
    <ClCompile Include="FlyCamera.cpp">
      <Filter>Source Files</Filter>
    </ClCompile>
    <ClCompile Include="Input.cpp">
      <Filter>Source Files</Filter>
    </ClCompile>
    <ClCompile Include="Time.cpp">
      <Filter>Source Files</Filter>
    </ClCompile>
    <ClCompile Include="Planet.cpp">
      <Filter>Source Files</Filter>
    </ClCompile>
    <ClCompile Include="PlanetSystem.cpp">
      <Filter>Source Files</Filter>
    </ClCompile>
    <ClCompile Include="FBORenderTexture.cpp">
      <Filter>Source Files</Filter>
    </ClCompile>
    <ClCompile Include="DeferredRendering.cpp">
      <Filter>Source Files</Filter>
    </ClCompile>
    <ClCompile Include="DepthRenderTexture.cpp">
      <Filter>Source Files</Filter>
    </ClCompile>
  </ItemGroup>
  <ItemGroup>
    <ClInclude Include="display.h">
      <Filter>Headers</Filter>
    </ClInclude>
    <ClInclude Include="shader.h">
      <Filter>Headers</Filter>
    </ClInclude>
    <ClInclude Include="stb_image.h">
      <Filter>Headers</Filter>
    </ClInclude>
    <ClInclude Include="mesh.h">
      <Filter>Headers</Filter>
    </ClInclude>
    <ClInclude Include="texture.h">
      <Filter>Headers</Filter>
    </ClInclude>
    <ClInclude Include="transform.h">
      <Filter>Headers</Filter>
    </ClInclude>
    <ClInclude Include="obj_loader.h">
      <Filter>Headers</Filter>
    </ClInclude>
    <ClInclude Include="camera.h">
      <Filter>Headers</Filter>
    </ClInclude>
    <ClInclude Include="GameObject.h">
      <Filter>Headers</Filter>
    </ClInclude>
    <ClInclude Include="Material.h">
      <Filter>Headers</Filter>
    </ClInclude>
    <ClInclude Include="Scene.h">
      <Filter>Headers</Filter>
    </ClInclude>
    <ClInclude Include="Quaternion.h">
      <Filter>Headers</Filter>
    </ClInclude>
    <ClInclude Include="FlyCamera.h">
      <Filter>Headers</Filter>
    </ClInclude>
    <ClInclude Include="Input.h">
      <Filter>Headers</Filter>
    </ClInclude>
    <ClInclude Include="Time.h">
      <Filter>Headers</Filter>
    </ClInclude>
    <ClInclude Include="Planet.h">
      <Filter>Headers</Filter>
    </ClInclude>
    <ClInclude Include="PlanetSystem.h">
      <Filter>Headers</Filter>
    </ClInclude>
    <ClInclude Include="DeferredRendering.h">
      <Filter>Headers</Filter>
    </ClInclude>
    <ClInclude Include="FBORenderTexture.h">
      <Filter>Headers</Filter>
    </ClInclude>
    <ClInclude Include="DepthRenderTexture.h">
      <Filter>Headers</Filter>
    </ClInclude>
  </ItemGroup>
</Project>